// !$*UTF8*$!
{
	archiveVersion = 1;
	classes = {
	};
	objectVersion = 46;
	objects = {

/* Begin PBXBuildFile section */
		1F010CFF2B368B3AB561146F /* OpenStorySDK in Frameworks */ = {isa = PBXBuildFile; productRef = 7CDB09EA4C97AC99846ABC32 /* OpenStorySDK */; };
		479B90439E4755E39253A9AD /* Assets.xcassets in Resources */ = {isa = PBXBuildFile; fileRef = 5DC0C32622B6CE173BFDBBEF /* Assets.xcassets */; };
		564F5D78EDE9FC57511A01C1 /* Foundation.framework in Frameworks */ = {isa = PBXBuildFile; fileRef = 3FE558225C96A5DF12E05459 /* Foundation.framework */; };
		5E7D98146D9974D27EC7CB52 /* SampleConfig.swift in Sources */ = {isa = PBXBuildFile; fileRef = A371F25020AEB886020A3A67 /* SampleConfig.swift */; };
		72EF93BBA75B6CFB75497F10 /* SampleRootTabBarController.swift in Sources */ = {isa = PBXBuildFile; fileRef = CF70CA51372926EE304C6E77 /* SampleRootTabBarController.swift */; };
		814F1E71B1B9DE04EEB16F73 /* SamplePlaceholderViewController.swift in Sources */ = {isa = PBXBuildFile; fileRef = C89E0F668F6E207DD41F65E2 /* SamplePlaceholderViewController.swift */; };
		CACFE97CF2AA3432B9848C3B /* SampleHomeViewController.swift in Sources */ = {isa = PBXBuildFile; fileRef = 760A00247B74ECB0EEDB3297 /* SampleHomeViewController.swift */; };
		DD7569F664514E4D0B515192 /* AppDelegate.swift in Sources */ = {isa = PBXBuildFile; fileRef = 9485EFD0EDF61A28701E1FFC /* AppDelegate.swift */; };
		F76748A65A2F4EAAFD07990C /* SceneDelegate.swift in Sources */ = {isa = PBXBuildFile; fileRef = C7CBA003F826BB412D91CF7F /* SceneDelegate.swift */; };
		FA3D7E1B2C8A4F00B1D9E4A7 /* Theme.swift in Sources */ = {isa = PBXBuildFile; fileRef = FA3D7E1A2C8A4F00B1D9E4A6 /* Theme.swift */; };
		FCF2D648B81EA6A3217C548E /* LaunchScreen.storyboard in Resources */ = {isa = PBXBuildFile; fileRef = EB5D996E48B4F048BC0B9A04 /* LaunchScreen.storyboard */; };
/* End PBXBuildFile section */

/* Begin PBXFileReference section */
		286531BF2BFDDD7CCDBF3230 /* OpenStorySample.app */ = {isa = PBXFileReference; explicitFileType = wrapper.application; includeInIndex = 0; path = OpenStorySample.app; sourceTree = BUILT_PRODUCTS_DIR; };
		3FE558225C96A5DF12E05459 /* Foundation.framework */ = {isa = PBXFileReference; lastKnownFileType = wrapper.framework; name = Foundation.framework; path = Platforms/iPhoneOS.platform/Developer/SDKs/iPhoneOS18.0.sdk/System/Library/Frameworks/Foundation.framework; sourceTree = DEVELOPER_DIR; };
		5DC0C32622B6CE173BFDBBEF /* Assets.xcassets */ = {isa = PBXFileReference; includeInIndex = 1; lastKnownFileType = folder.assetcatalog; path = Assets.xcassets; sourceTree = "<group>"; };
		760A00247B74ECB0EEDB3297 /* SampleHomeViewController.swift */ = {isa = PBXFileReference; includeInIndex = 1; lastKnownFileType = sourcecode.swift; path = SampleHomeViewController.swift; sourceTree = "<group>"; };
		9485EFD0EDF61A28701E1FFC /* AppDelegate.swift */ = {isa = PBXFileReference; includeInIndex = 1; lastKnownFileType = sourcecode.swift; path = AppDelegate.swift; sourceTree = "<group>"; };
		A371F25020AEB886020A3A67 /* SampleConfig.swift */ = {isa = PBXFileReference; includeInIndex = 1; lastKnownFileType = sourcecode.swift; path = SampleConfig.swift; sourceTree = "<group>"; };
		C7CBA003F826BB412D91CF7F /* SceneDelegate.swift */ = {isa = PBXFileReference; includeInIndex = 1; lastKnownFileType = sourcecode.swift; path = SceneDelegate.swift; sourceTree = "<group>"; };
		C89E0F668F6E207DD41F65E2 /* SamplePlaceholderViewController.swift */ = {isa = PBXFileReference; includeInIndex = 1; lastKnownFileType = sourcecode.swift; path = SamplePlaceholderViewController.swift; sourceTree = "<group>"; };
		CF70CA51372926EE304C6E77 /* SampleRootTabBarController.swift */ = {isa = PBXFileReference; includeInIndex = 1; lastKnownFileType = sourcecode.swift; path = SampleRootTabBarController.swift; sourceTree = "<group>"; };
		EB5D996E48B4F048BC0B9A04 /* LaunchScreen.storyboard */ = {isa = PBXFileReference; includeInIndex = 1; lastKnownFileType = file.storyboard; name = LaunchScreen.storyboard; path = Base.lproj/LaunchScreen.storyboard; sourceTree = "<group>"; };
		FA3D7E1A2C8A4F00B1D9E4A6 /* Theme.swift */ = {isa = PBXFileReference; includeInIndex = 1; lastKnownFileType = sourcecode.swift; path = Theme.swift; sourceTree = "<group>"; };
/* End PBXFileReference section */

/* Begin PBXFrameworksBuildPhase section */
		32E78FCC3D54AACD4EB7A61B /* Frameworks */ = {
			isa = PBXFrameworksBuildPhase;
			buildActionMask = 2147483647;
			files = (
				564F5D78EDE9FC57511A01C1 /* Foundation.framework in Frameworks */,
				1F010CFF2B368B3AB561146F /* OpenStorySDK in Frameworks */,
			);
			runOnlyForDeploymentPostprocessing = 0;
		};
/* End PBXFrameworksBuildPhase section */

/* Begin PBXGroup section */
		3E4BE6F436469980FB6BEE1E /* iOS */ = {
			isa = PBXGroup;
			children = (
				3FE558225C96A5DF12E05459 /* Foundation.framework */,
			);
			name = iOS;
			sourceTree = "<group>";
		};
		4582A2D29512B55B6ADF6CF0 /* Products */ = {
			isa = PBXGroup;
			children = (
				286531BF2BFDDD7CCDBF3230 /* OpenStorySample.app */,
			);
			name = Products;
			sourceTree = "<group>";
		};
		B6448F99D0A8340810A2E6C7 /* OpenStorySample */ = {
			isa = PBXGroup;
			children = (
				9485EFD0EDF61A28701E1FFC /* AppDelegate.swift */,
				5DC0C32622B6CE173BFDBBEF /* Assets.xcassets */,
				EB5D996E48B4F048BC0B9A04 /* LaunchScreen.storyboard */,
				A371F25020AEB886020A3A67 /* SampleConfig.swift */,
				760A00247B74ECB0EEDB3297 /* SampleHomeViewController.swift */,
				C89E0F668F6E207DD41F65E2 /* SamplePlaceholderViewController.swift */,
				CF70CA51372926EE304C6E77 /* SampleRootTabBarController.swift */,
				C7CBA003F826BB412D91CF7F /* SceneDelegate.swift */,
				FA3D7E1A2C8A4F00B1D9E4A6 /* Theme.swift */,
			);
			name = OpenStorySample;
			path = OpenStorySample;
			sourceTree = "<group>";
		};
		C63829EF1A28C9170B648B31 = {
			isa = PBXGroup;
			children = (
				FC5AC36B6FC9DCA63E7AAFEF /* Frameworks */,
				B6448F99D0A8340810A2E6C7 /* OpenStorySample */,
				4582A2D29512B55B6ADF6CF0 /* Products */,
			);
			sourceTree = "<group>";
		};
		FC5AC36B6FC9DCA63E7AAFEF /* Frameworks */ = {
			isa = PBXGroup;
			children = (
				3E4BE6F436469980FB6BEE1E /* iOS */,
			);
			name = Frameworks;
			sourceTree = "<group>";
		};
/* End PBXGroup section */

/* Begin PBXNativeTarget section */
		7DB7CD44E4210F35563F4A70 /* OpenStorySample */ = {
			isa = PBXNativeTarget;
			buildConfigurationList = 5B272DE4A6A635226382DADE /* Build configuration list for PBXNativeTarget "OpenStorySample" */;
			buildPhases = (
				5584C7414E2143FFB8C44570 /* Sources */,
				32E78FCC3D54AACD4EB7A61B /* Frameworks */,
				75CB01B4959376C2D91637A8 /* Resources */,
			);
			buildRules = (
			);
			dependencies = (
			);
			name = OpenStorySample;
			packageProductDependencies = (
				7CDB09EA4C97AC99846ABC32 /* OpenStorySDK */,
			);
			productName = OpenStorySample;
			productReference = 286531BF2BFDDD7CCDBF3230 /* OpenStorySample.app */;
			productType = "com.apple.product-type.application";
		};
/* End PBXNativeTarget section */

/* Begin PBXProject section */
		6C9682BD4BECB16A1E2D6C14 /* Project object */ = {
			isa = PBXProject;
			attributes = {
				LastSwiftUpdateCheck = 1620;
				LastUpgradeCheck = 1620;
			};
			buildConfigurationList = 037BA98867E5AB69FB15C4C5 /* Build configuration list for PBXProject "OpenStorySample" */;
			compatibilityVersion = "Xcode 3.2";
			developmentRegion = en;
			hasScannedForEncodings = 0;
			knownRegions = (
				en,
				Base,
			);
			mainGroup = C63829EF1A28C9170B648B31;
			minimizedProjectReferenceProxies = 0;
			packageReferences = (
				55D0C4EC6665F00FC5537B63 /* XCLocalSwiftPackageReference ".." */,
			);
			preferredProjectObjectVersion = 77;
			productRefGroup = 4582A2D29512B55B6ADF6CF0 /* Products */;
			projectDirPath = "";
			projectRoot = "";
			targets = (
				7DB7CD44E4210F35563F4A70 /* OpenStorySample */,
			);
		};
/* End PBXProject section */

/* Begin PBXResourcesBuildPhase section */
		75CB01B4959376C2D91637A8 /* Resources */ = {
			isa = PBXResourcesBuildPhase;
			buildActionMask = 2147483647;
			files = (
				479B90439E4755E39253A9AD /* Assets.xcassets in Resources */,
				FCF2D648B81EA6A3217C548E /* LaunchScreen.storyboard in Resources */,
			);
			runOnlyForDeploymentPostprocessing = 0;
		};
/* End PBXResourcesBuildPhase section */

/* Begin PBXSourcesBuildPhase section */
		5584C7414E2143FFB8C44570 /* Sources */ = {
			isa = PBXSourcesBuildPhase;
			buildActionMask = 2147483647;
			files = (
				DD7569F664514E4D0B515192 /* AppDelegate.swift in Sources */,
				5E7D98146D9974D27EC7CB52 /* SampleConfig.swift in Sources */,
				CACFE97CF2AA3432B9848C3B /* SampleHomeViewController.swift in Sources */,
				814F1E71B1B9DE04EEB16F73 /* SamplePlaceholderViewController.swift in Sources */,
				72EF93BBA75B6CFB75497F10 /* SampleRootTabBarController.swift in Sources */,
				F76748A65A2F4EAAFD07990C /* SceneDelegate.swift in Sources */,
				FA3D7E1B2C8A4F00B1D9E4A7 /* Theme.swift in Sources */,
			);
			runOnlyForDeploymentPostprocessing = 0;
		};
/* End PBXSourcesBuildPhase section */

/* Begin XCBuildConfiguration section */
		1CDE91DCD786464AEF03790C /* Release */ = {
			isa = XCBuildConfiguration;
			buildSettings = {
				ALWAYS_SEARCH_USER_PATHS = NO;
				CLANG_ANALYZER_NONNULL = YES;
				CLANG_ANALYZER_NUMBER_OBJECT_CONVERSION = YES_AGGRESSIVE;
				CLANG_CXX_LANGUAGE_STANDARD = "gnu++14";
				CLANG_CXX_LIBRARY = "libc++";
				CLANG_ENABLE_MODULES = YES;
				CLANG_ENABLE_OBJC_ARC = YES;
				CLANG_ENABLE_OBJC_WEAK = YES;
				CLANG_WARN_BLOCK_CAPTURE_AUTORELEASING = YES;
				CLANG_WARN_BOOL_CONVERSION = YES;
				CLANG_WARN_COMMA = YES;
				CLANG_WARN_CONSTANT_CONVERSION = YES;
				CLANG_WARN_DEPRECATED_OBJC_IMPLEMENTATIONS = YES;
				CLANG_WARN_DIRECT_OBJC_ISA_USAGE = YES_ERROR;
				CLANG_WARN_DOCUMENTATION_COMMENTS = YES;
				CLANG_WARN_EMPTY_BODY = YES;
				CLANG_WARN_ENUM_CONVERSION = YES;
				CLANG_WARN_INFINITE_RECURSION = YES;
				CLANG_WARN_INT_CONVERSION = YES;
				CLANG_WARN_NON_LITERAL_NULL_CONVERSION = YES;
				CLANG_WARN_OBJC_IMPLICIT_RETAIN_SELF = YES;
				CLANG_WARN_OBJC_LITERAL_CONVERSION = YES;
				CLANG_WARN_OBJC_ROOT_CLASS = YES_ERROR;
				CLANG_WARN_QUOTED_INCLUDE_IN_FRAMEWORK_HEADER = YES;
				CLANG_WARN_RANGE_LOOP_ANALYSIS = YES;
				CLANG_WARN_STRICT_PROTOTYPES = YES;
				CLANG_WARN_SUSPICIOUS_MOVE = YES;
				CLANG_WARN_UNGUARDED_AVAILABILITY = YES_AGGRESSIVE;
				CLANG_WARN_UNREACHABLE_CODE = YES;
				CLANG_WARN__DUPLICATE_METHOD_MATCH = YES;
				COPY_PHASE_STRIP = NO;
				DEBUG_INFORMATION_FORMAT = "dwarf-with-dsym";
				ENABLE_NS_ASSERTIONS = NO;
				ENABLE_STRICT_OBJC_MSGSEND = YES;
				GCC_C_LANGUAGE_STANDARD = gnu11;
				GCC_NO_COMMON_BLOCKS = YES;
				GCC_WARN_64_TO_32_BIT_CONVERSION = YES;
				GCC_WARN_ABOUT_RETURN_TYPE = YES_ERROR;
				GCC_WARN_UNDECLARED_SELECTOR = YES;
				GCC_WARN_UNINITIALIZED_AUTOS = YES_AGGRESSIVE;
				GCC_WARN_UNUSED_FUNCTION = YES;
				GCC_WARN_UNUSED_VARIABLE = YES;
				IPHONEOS_DEPLOYMENT_TARGET = 15.0;
				MTL_ENABLE_DEBUG_INFO = NO;
				MTL_FAST_MATH = YES;
				PRODUCT_NAME = "$(TARGET_NAME)";
				SWIFT_COMPILATION_MODE = wholemodule;
				SWIFT_OPTIMIZATION_LEVEL = "-O";
				SWIFT_VERSION = 5.0;
				TARGETED_DEVICE_FAMILY = "1,2";
			};
			name = Release;
		};
		5A865C079EC865DEE0D6B1B5 /* Release */ = {
			isa = XCBuildConfiguration;
			buildSettings = {
				ASSETCATALOG_COMPILER_APPICON_NAME = "";
				ASSETCATALOG_COMPILER_GLOBAL_ACCENT_COLOR_NAME = AccentColor;
				CLANG_ENABLE_OBJC_WEAK = NO;
				CODE_SIGN_STYLE = Automatic;
				CURRENT_PROJECT_VERSION = 1;
				ENABLE_PREVIEWS = YES;
				ENABLE_USER_SCRIPT_SANDBOXING = NO;
				GENERATE_INFOPLIST_FILE = NO;
				INFOPLIST_FILE = OpenStorySample/Info.plist;
				IPHONEOS_DEPLOYMENT_TARGET = 15.0;
				LD_RUNPATH_SEARCH_PATHS = "$(inherited) @executable_path/Frameworks";
				MARKETING_VERSION = 1.0;
				PRODUCT_BUNDLE_IDENTIFIER = com.openstory.sample.ios;
				PRODUCT_NAME = "$(TARGET_NAME)";
				SDKROOT = iphoneos;
				SUPPORTED_PLATFORMS = "iphonesimulator iphoneos";
				SUPPORTS_MACCATALYST = NO;
				SWIFT_EMIT_LOC_STRINGS = YES;
				SWIFT_VERSION = 5.0;
				TARGETED_DEVICE_FAMILY = "1,2";
				VALIDATE_PRODUCT = YES;
			};
			name = Release;
		};
		780AC185C33C24D72575D53C /* Debug */ = {
			isa = XCBuildConfiguration;
			buildSettings = {
				ALWAYS_SEARCH_USER_PATHS = NO;
				CLANG_ANALYZER_NONNULL = YES;
				CLANG_ANALYZER_NUMBER_OBJECT_CONVERSION = YES_AGGRESSIVE;
				CLANG_CXX_LANGUAGE_STANDARD = "gnu++14";
				CLANG_CXX_LIBRARY = "libc++";
				CLANG_ENABLE_MODULES = YES;
				CLANG_ENABLE_OBJC_ARC = YES;
				CLANG_ENABLE_OBJC_WEAK = YES;
				CLANG_WARN_BLOCK_CAPTURE_AUTORELEASING = YES;
				CLANG_WARN_BOOL_CONVERSION = YES;
				CLANG_WARN_COMMA = YES;
				CLANG_WARN_CONSTANT_CONVERSION = YES;
				CLANG_WARN_DEPRECATED_OBJC_IMPLEMENTATIONS = YES;
				CLANG_WARN_DIRECT_OBJC_ISA_USAGE = YES_ERROR;
				CLANG_WARN_DOCUMENTATION_COMMENTS = YES;
				CLANG_WARN_EMPTY_BODY = YES;
				CLANG_WARN_ENUM_CONVERSION = YES;
				CLANG_WARN_INFINITE_RECURSION = YES;
				CLANG_WARN_INT_CONVERSION = YES;
				CLANG_WARN_NON_LITERAL_NULL_CONVERSION = YES;
				CLANG_WARN_OBJC_IMPLICIT_RETAIN_SELF = YES;
				CLANG_WARN_OBJC_LITERAL_CONVERSION = YES;
				CLANG_WARN_OBJC_ROOT_CLASS = YES_ERROR;
				CLANG_WARN_QUOTED_INCLUDE_IN_FRAMEWORK_HEADER = YES;
				CLANG_WARN_RANGE_LOOP_ANALYSIS = YES;
				CLANG_WARN_STRICT_PROTOTYPES = YES;
				CLANG_WARN_SUSPICIOUS_MOVE = YES;
				CLANG_WARN_UNGUARDED_AVAILABILITY = YES_AGGRESSIVE;
				CLANG_WARN_UNREACHABLE_CODE = YES;
				CLANG_WARN__DUPLICATE_METHOD_MATCH = YES;
				COPY_PHASE_STRIP = NO;
				DEBUG_INFORMATION_FORMAT = dwarf;
				ENABLE_STRICT_OBJC_MSGSEND = YES;
				ENABLE_TESTABILITY = YES;
				GCC_C_LANGUAGE_STANDARD = gnu11;
				GCC_DYNAMIC_NO_PIC = NO;
				GCC_NO_COMMON_BLOCKS = YES;
				GCC_OPTIMIZATION_LEVEL = 0;
				GCC_PREPROCESSOR_DEFINITIONS = (
					"DEBUG=1",
					"$(inherited)",
				);
				GCC_WARN_64_TO_32_BIT_CONVERSION = YES;
				GCC_WARN_ABOUT_RETURN_TYPE = YES_ERROR;
				GCC_WARN_UNDECLARED_SELECTOR = YES;
				GCC_WARN_UNINITIALIZED_AUTOS = YES_AGGRESSIVE;
				GCC_WARN_UNUSED_FUNCTION = YES;
				GCC_WARN_UNUSED_VARIABLE = YES;
				IPHONEOS_DEPLOYMENT_TARGET = 15.0;
				MTL_ENABLE_DEBUG_INFO = INCLUDE_SOURCE;
				MTL_FAST_MATH = YES;
				ONLY_ACTIVE_ARCH = YES;
				PRODUCT_NAME = "$(TARGET_NAME)";
				SWIFT_ACTIVE_COMPILATION_CONDITIONS = DEBUG;
				SWIFT_OPTIMIZATION_LEVEL = "-Onone";
				SWIFT_VERSION = 5.0;
				TARGETED_DEVICE_FAMILY = "1,2";
			};
			name = Debug;
		};
		9B4E8006C7B42679E56E6E07 /* Debug */ = {
			isa = XCBuildConfiguration;
			buildSettings = {
				ASSETCATALOG_COMPILER_APPICON_NAME = "";
				ASSETCATALOG_COMPILER_GLOBAL_ACCENT_COLOR_NAME = AccentColor;
				CLANG_ENABLE_OBJC_WEAK = NO;
				CODE_SIGN_STYLE = Automatic;
				CURRENT_PROJECT_VERSION = 1;
				ENABLE_PREVIEWS = YES;
				ENABLE_USER_SCRIPT_SANDBOXING = NO;
				GENERATE_INFOPLIST_FILE = NO;
				INFOPLIST_FILE = OpenStorySample/Info.plist;
				IPHONEOS_DEPLOYMENT_TARGET = 15.0;
				LD_RUNPATH_SEARCH_PATHS = "$(inherited) @executable_path/Frameworks";
				MARKETING_VERSION = 1.0;
				PRODUCT_BUNDLE_IDENTIFIER = com.openstory.sample.ios;
				PRODUCT_NAME = "$(TARGET_NAME)";
				SDKROOT = iphoneos;
				SUPPORTED_PLATFORMS = "iphonesimulator iphoneos";
				SUPPORTS_MACCATALYST = NO;
				SWIFT_EMIT_LOC_STRINGS = YES;
				SWIFT_VERSION = 5.0;
				TARGETED_DEVICE_FAMILY = "1,2";
			};
			name = Debug;
		};
/* End XCBuildConfiguration section */

/* Begin XCConfigurationList section */
		037BA98867E5AB69FB15C4C5 /* Build configuration list for PBXProject "OpenStorySample" */ = {
			isa = XCConfigurationList;
			buildConfigurations = (
				780AC185C33C24D72575D53C /* Debug */,
				1CDE91DCD786464AEF03790C /* Release */,
			);
			defaultConfigurationIsVisible = 0;
			defaultConfigurationName = Release;
		};
		5B272DE4A6A635226382DADE /* Build configuration list for PBXNativeTarget "OpenStorySample" */ = {
			isa = XCConfigurationList;
			buildConfigurations = (
				9B4E8006C7B42679E56E6E07 /* Debug */,
				5A865C079EC865DEE0D6B1B5 /* Release */,
			);
			defaultConfigurationIsVisible = 0;
			defaultConfigurationName = Release;
		};
/* End XCConfigurationList section */

/* Begin XCLocalSwiftPackageReference section */
		55D0C4EC6665F00FC5537B63 /* XCLocalSwiftPackageReference ".." */ = {
			isa = XCLocalSwiftPackageReference;
			relativePath = ..;
		};
/* End XCLocalSwiftPackageReference section */

/* Begin XCSwiftPackageProductDependency section */
		7CDB09EA4C97AC99846ABC32 /* OpenStorySDK */ = {
			isa = XCSwiftPackageProductDependency;
			package = 55D0C4EC6665F00FC5537B63 /* XCLocalSwiftPackageReference ".." */;
			productName = OpenStorySDK;
		};
/* End XCSwiftPackageProductDependency section */
	};
	rootObject = 6C9682BD4BECB16A1E2D6C14 /* Project object */;
}
